schema: '2.0'
stages:
  data_ingestion:
    cmd: python src/data/data_ingestion.py
    deps:
    - path: params.yaml
      hash: md5
      md5: d0130d047c5ed94846faffa9d54498d0
      size: 164
    - path: src/data/data_ingestion.py
      hash: md5
      md5: 5a1b26b190f25ca4896e53b1ba176ba3
      size: 3719
    params:
      params.yaml:
        data_ingestion.test_size: 0.25
    outs:
    - path: data/raw
      hash: md5
      md5: 91677b15f0a97cd64d42b3b18b3a615c.dir
      size: 6926205
      nfiles: 2
  data_preprocessing:
    cmd: python src/data/data_preprocessing.py
    deps:
    - path: data/raw/test.csv
      hash: md5
      md5: 7fb8fb92d3a09e300df8684053582559
      size: 1728682
    - path: data/raw/train.csv
      hash: md5
      md5: e125f025af83344d8d64208de65e2e42
      size: 5197523
    - path: src/data/data_preprocessing.py
      hash: md5
      md5: 08e400a13bbacb4a10085503e39da55c
      size: 4211
    outs:
    - path: data/interim
      hash: md5
      md5: ce7154205a32ef1ddf8609eb1f278705.dir
      size: 5077588
      nfiles: 2
  model_building:
    cmd: python src/model/model_building.py
    deps:
    - path: data/interim/train_processed.csv
      hash: md5
      md5: ae63264edd2c79729fdba6370b955660
      size: 3814580
    - path: src/model/model_building.py
      hash: md5
      md5: 6ca46ace44e4eb5becf5d8a94fd913eb
      size: 5685
    params:
      params.yaml:
        model_building.learning_rate: 0.08
        model_building.max_depth: 20
        model_building.max_features: 10000
        model_building.n_estimators: 367
        model_building.ngram_range:
        - 1
        - 3
    outs:
    - path: lgbm_model.pkl
      hash: md5
      md5: 651a9045ffc15fd3120e8e739de33fac
      size: 4113222
    - path: tfidf_vectorizer.pkl
      hash: md5
      md5: b65e584e07337b54076727487850f1b8
      size: 384399
  model_evaluation:
    cmd: python src/model/model_evaluation.py
    deps:
    - path: data/interim/test_processed.csv
      hash: md5
      md5: fbe1e8fe70f5782a2927f2d7acaaec56
      size: 1263008
    - path: data/interim/train_processed.csv
      hash: md5
      md5: ae63264edd2c79729fdba6370b955660
      size: 3814580
    - path: lgbm_model.pkl
      hash: md5
      md5: 651a9045ffc15fd3120e8e739de33fac
      size: 4113222
    - path: src/model/model_evaluation.py
      hash: md5
      md5: 551ed9abb45aa13b703d82d26807a0c6
      size: 7712
    - path: tfidf_vectorizer.pkl
      hash: md5
      md5: b65e584e07337b54076727487850f1b8
      size: 384399
